// !$*UTF8*$!
{
	archiveVersion = 1;
	classes = {
	};
	objectVersion = 50;
	objects = {

/* Begin PBXBuildFile section */
		AA239484212467D500166499 /* Photo.m in Sources */ = {isa = PBXBuildFile; fileRef = AA239483212467D500166499 /* Photo.m */; };
		AA2394872124684600166499 /* PhotoCategory.m in Sources */ = {isa = PBXBuildFile; fileRef = AA2394862124684600166499 /* PhotoCategory.m */; };
		AA23948A21246A1B00166499 /* DataManager.m in Sources */ = {isa = PBXBuildFile; fileRef = AA23948921246A1B00166499 /* DataManager.m */; };
		AA23948D21246B4300166499 /* WabiSabiCollectionViewCell.m in Sources */ = {isa = PBXBuildFile; fileRef = AA23948C21246B4300166499 /* WabiSabiCollectionViewCell.m */; };
		AA23949021246FE300166499 /* HeaderCollectionReusableView.m in Sources */ = {isa = PBXBuildFile; fileRef = AA23948F21246FE300166499 /* HeaderCollectionReusableView.m */; };
		AAF57ECB21235D7A00E0216B /* AppDelegate.m in Sources */ = {isa = PBXBuildFile; fileRef = AAF57ECA21235D7A00E0216B /* AppDelegate.m */; };
		AAF57ED121235D7A00E0216B /* Main.storyboard in Resources */ = {isa = PBXBuildFile; fileRef = AAF57ECF21235D7A00E0216B /* Main.storyboard */; };
		AAF57ED321235D7C00E0216B /* Assets.xcassets in Resources */ = {isa = PBXBuildFile; fileRef = AAF57ED221235D7C00E0216B /* Assets.xcassets */; };
		AAF57ED621235D7C00E0216B /* LaunchScreen.storyboard in Resources */ = {isa = PBXBuildFile; fileRef = AAF57ED421235D7C00E0216B /* LaunchScreen.storyboard */; };
		AAF57ED921235D7C00E0216B /* main.m in Sources */ = {isa = PBXBuildFile; fileRef = AAF57ED821235D7C00E0216B /* main.m */; };
		AAF57EE721235F5F00E0216B /* WabiSabiViewController.m in Sources */ = {isa = PBXBuildFile; fileRef = AAF57EE621235F5F00E0216B /* WabiSabiViewController.m */; };
		AAF57EEA21235F7A00E0216B /* DetailViewController.m in Sources */ = {isa = PBXBuildFile; fileRef = AAF57EE921235F7A00E0216B /* DetailViewController.m */; };
/* End PBXBuildFile section */

/* Begin PBXFileReference section */
		AA239482212467D500166499 /* Photo.h */ = {isa = PBXFileReference; lastKnownFileType = sourcecode.c.h; path = Photo.h; sourceTree = "<group>"; };
		AA239483212467D500166499 /* Photo.m */ = {isa = PBXFileReference; lastKnownFileType = sourcecode.c.objc; path = Photo.m; sourceTree = "<group>"; };
		AA2394852124684600166499 /* PhotoCategory.h */ = {isa = PBXFileReference; lastKnownFileType = sourcecode.c.h; path = PhotoCategory.h; sourceTree = "<group>"; };
		AA2394862124684600166499 /* PhotoCategory.m */ = {isa = PBXFileReference; lastKnownFileType = sourcecode.c.objc; path = PhotoCategory.m; sourceTree = "<group>"; };
		AA23948821246A1B00166499 /* DataManager.h */ = {isa = PBXFileReference; lastKnownFileType = sourcecode.c.h; path = DataManager.h; sourceTree = "<group>"; };
		AA23948921246A1B00166499 /* DataManager.m */ = {isa = PBXFileReference; lastKnownFileType = sourcecode.c.objc; path = DataManager.m; sourceTree = "<group>"; };
		AA23948B21246B4300166499 /* WabiSabiCollectionViewCell.h */ = {isa = PBXFileReference; lastKnownFileType = sourcecode.c.h; path = WabiSabiCollectionViewCell.h; sourceTree = "<group>"; };
		AA23948C21246B4300166499 /* WabiSabiCollectionViewCell.m */ = {isa = PBXFileReference; lastKnownFileType = sourcecode.c.objc; path = WabiSabiCollectionViewCell.m; sourceTree = "<group>"; };
		AA23948E21246FE300166499 /* HeaderCollectionReusableView.h */ = {isa = PBXFileReference; lastKnownFileType = sourcecode.c.h; path = HeaderCollectionReusableView.h; sourceTree = "<group>"; };
		AA23948F21246FE300166499 /* HeaderCollectionReusableView.m */ = {isa = PBXFileReference; lastKnownFileType = sourcecode.c.objc; path = HeaderCollectionReusableView.m; sourceTree = "<group>"; };
		AAF57EC621235D7A00E0216B /* WabiSabiCollectionView.app */ = {isa = PBXFileReference; explicitFileType = wrapper.application; includeInIndex = 0; path = WabiSabiCollectionView.app; sourceTree = BUILT_PRODUCTS_DIR; };
		AAF57EC921235D7A00E0216B /* AppDelegate.h */ = {isa = PBXFileReference; lastKnownFileType = sourcecode.c.h; path = AppDelegate.h; sourceTree = "<group>"; };
		AAF57ECA21235D7A00E0216B /* AppDelegate.m */ = {isa = PBXFileReference; lastKnownFileType = sourcecode.c.objc; path = AppDelegate.m; sourceTree = "<group>"; };
		AAF57ED021235D7A00E0216B /* Base */ = {isa = PBXFileReference; lastKnownFileType = file.storyboard; name = Base; path = Base.lproj/Main.storyboard; sourceTree = "<group>"; };
		AAF57ED221235D7C00E0216B /* Assets.xcassets */ = {isa = PBXFileReference; lastKnownFileType = folder.assetcatalog; path = Assets.xcassets; sourceTree = "<group>"; };
		AAF57ED521235D7C00E0216B /* Base */ = {isa = PBXFileReference; lastKnownFileType = file.storyboard; name = Base; path = Base.lproj/LaunchScreen.storyboard; sourceTree = "<group>"; };
		AAF57ED721235D7C00E0216B /* Info.plist */ = {isa = PBXFileReference; lastKnownFileType = text.plist.xml; path = Info.plist; sourceTree = "<group>"; };
		AAF57ED821235D7C00E0216B /* main.m */ = {isa = PBXFileReference; lastKnownFileType = sourcecode.c.objc; path = main.m; sourceTree = "<group>"; };
		AAF57EE521235F5F00E0216B /* WabiSabiViewController.h */ = {isa = PBXFileReference; lastKnownFileType = sourcecode.c.h; path = WabiSabiViewController.h; sourceTree = "<group>"; };
		AAF57EE621235F5F00E0216B /* WabiSabiViewController.m */ = {isa = PBXFileReference; lastKnownFileType = sourcecode.c.objc; path = WabiSabiViewController.m; sourceTree = "<group>"; };
		AAF57EE821235F7A00E0216B /* DetailViewController.h */ = {isa = PBXFileReference; lastKnownFileType = sourcecode.c.h; path = DetailViewController.h; sourceTree = "<group>"; };
		AAF57EE921235F7A00E0216B /* DetailViewController.m */ = {isa = PBXFileReference; lastKnownFileType = sourcecode.c.objc; path = DetailViewController.m; sourceTree = "<group>"; };
/* End PBXFileReference section */

/* Begin PBXFrameworksBuildPhase section */
		AAF57EC321235D7A00E0216B /* Frameworks */ = {
			isa = PBXFrameworksBuildPhase;
			buildActionMask = 2147483647;
			files = (
			);
			runOnlyForDeploymentPostprocessing = 0;
		};
/* End PBXFrameworksBuildPhase section */

/* Begin PBXGroup section */
		AAF57EBD21235D7A00E0216B = {
			isa = PBXGroup;
			children = (
				AAF57EC821235D7A00E0216B /* WabiSabiCollectionView */,
				AAF57EC721235D7A00E0216B /* Products */,
			);
			sourceTree = "<group>";
		};
		AAF57EC721235D7A00E0216B /* Products */ = {
			isa = PBXGroup;
			children = (
				AAF57EC621235D7A00E0216B /* WabiSabiCollectionView.app */,
			);
			name = Products;
			sourceTree = "<group>";
		};
		AAF57EC821235D7A00E0216B /* WabiSabiCollectionView */ = {
			isa = PBXGroup;
			children = (
				AAF57EE421235DCD00E0216B /* Supplementary Files */,
				AAF57EE321235DC400E0216B /* Model */,
				AAF57EE221235DB900E0216B /* Controllers */,
				AAF57EE021235D9400E0216B /* Views */,
			);
			path = WabiSabiCollectionView;
			sourceTree = "<group>";
		};
		AAF57EE021235D9400E0216B /* Views */ = {
			isa = PBXGroup;
			children = (
				AAF57ECF21235D7A00E0216B /* Main.storyboard */,
				AAF57ED421235D7C00E0216B /* LaunchScreen.storyboard */,
				AA23948B21246B4300166499 /* WabiSabiCollectionViewCell.h */,
				AA23948C21246B4300166499 /* WabiSabiCollectionViewCell.m */,
				AA23948E21246FE300166499 /* HeaderCollectionReusableView.h */,
				AA23948F21246FE300166499 /* HeaderCollectionReusableView.m */,
			);
			name = Views;
			sourceTree = "<group>";
		};
		AAF57EE221235DB900E0216B /* Controllers */ = {
			isa = PBXGroup;
			children = (
				AAF57EE521235F5F00E0216B /* WabiSabiViewController.h */,
				AAF57EE621235F5F00E0216B /* WabiSabiViewController.m */,
				AAF57EE821235F7A00E0216B /* DetailViewController.h */,
				AAF57EE921235F7A00E0216B /* DetailViewController.m */,
			);
			name = Controllers;
			sourceTree = "<group>";
		};
		AAF57EE321235DC400E0216B /* Model */ = {
			isa = PBXGroup;
			children = (
				AA239482212467D500166499 /* Photo.h */,
				AA239483212467D500166499 /* Photo.m */,
				AA2394852124684600166499 /* PhotoCategory.h */,
				AA2394862124684600166499 /* PhotoCategory.m */,
				AA23948821246A1B00166499 /* DataManager.h */,
				AA23948921246A1B00166499 /* DataManager.m */,
			);
			name = Model;
			sourceTree = "<group>";
		};
		AAF57EE421235DCD00E0216B /* Supplementary Files */ = {
			isa = PBXGroup;
			children = (
				AAF57EC921235D7A00E0216B /* AppDelegate.h */,
				AAF57ECA21235D7A00E0216B /* AppDelegate.m */,
				AAF57ED221235D7C00E0216B /* Assets.xcassets */,
				AAF57ED721235D7C00E0216B /* Info.plist */,
				AAF57ED821235D7C00E0216B /* main.m */,
			);
			name = "Supplementary Files";
			sourceTree = "<group>";
		};
/* End PBXGroup section */

/* Begin PBXNativeTarget section */
		AAF57EC521235D7A00E0216B /* WabiSabiCollectionView */ = {
			isa = PBXNativeTarget;
			buildConfigurationList = AAF57EDC21235D7C00E0216B /* Build configuration list for PBXNativeTarget "WabiSabiCollectionView" */;
			buildPhases = (
				AAF57EC221235D7A00E0216B /* Sources */,
				AAF57EC321235D7A00E0216B /* Frameworks */,
				AAF57EC421235D7A00E0216B /* Resources */,
			);
			buildRules = (
			);
			dependencies = (
			);
			name = WabiSabiCollectionView;
			productName = WabiSabiCollectionView;
			productReference = AAF57EC621235D7A00E0216B /* WabiSabiCollectionView.app */;
			productType = "com.apple.product-type.application";
		};
/* End PBXNativeTarget section */

/* Begin PBXProject section */
		AAF57EBE21235D7A00E0216B /* Project object */ = {
			isa = PBXProject;
			attributes = {
				LastUpgradeCheck = 0940;
				ORGANIZATIONNAME = steve;
				TargetAttributes = {
					AAF57EC521235D7A00E0216B = {
						CreatedOnToolsVersion = 9.4.1;
					};
				};
			};
			buildConfigurationList = AAF57EC121235D7A00E0216B /* Build configuration list for PBXProject "WabiSabiCollectionView" */;
			compatibilityVersion = "Xcode 9.3";
			developmentRegion = en;
			hasScannedForEncodings = 0;
			knownRegions = (
				en,
				Base,
			);
			mainGroup = AAF57EBD21235D7A00E0216B;
			productRefGroup = AAF57EC721235D7A00E0216B /* Products */;
			projectDirPath = "";
			projectRoot = "";
			targets = (
				AAF57EC521235D7A00E0216B /* WabiSabiCollectionView */,
			);
		};
/* End PBXProject section */

/* Begin PBXResourcesBuildPhase section */
		AAF57EC421235D7A00E0216B /* Resources */ = {
			isa = PBXResourcesBuildPhase;
			buildActionMask = 2147483647;
			files = (
				AAF57ED621235D7C00E0216B /* LaunchScreen.storyboard in Resources */,
				AAF57ED321235D7C00E0216B /* Assets.xcassets in Resources */,
				AAF57ED121235D7A00E0216B /* Main.storyboard in Resources */,
			);
			runOnlyForDeploymentPostprocessing = 0;
		};
/* End PBXResourcesBuildPhase section */

/* Begin PBXSourcesBuildPhase section */
		AAF57EC221235D7A00E0216B /* Sources */ = {
			isa = PBXSourcesBuildPhase;
			buildActionMask = 2147483647;
			files = (
				AA23949021246FE300166499 /* HeaderCollectionReusableView.m in Sources */,
				AA23948D21246B4300166499 /* WabiSabiCollectionViewCell.m in Sources */,
				AAF57EE721235F5F00E0216B /* WabiSabiViewController.m in Sources */,
				AAF57ED921235D7C00E0216B /* main.m in Sources */,
				AA23948A21246A1B00166499 /* DataManager.m in Sources */,
				AA2394872124684600166499 /* PhotoCategory.m in Sources */,
				AAF57ECB21235D7A00E0216B /* AppDelegate.m in Sources */,
				AA239484212467D500166499 /* Photo.m in Sources */,
				AAF57EEA21235F7A00E0216B /* DetailViewController.m in Sources */,
			);
			runOnlyForDeploymentPostprocessing = 0;
		};
/* End PBXSourcesBuildPhase section */

/* Begin PBXVariantGroup section */
		AAF57ECF21235D7A00E0216B /* Main.storyboard */ = {
			isa = PBXVariantGroup;
			children = (
				AAF57ED021235D7A00E0216B /* Base */,
			);
			name = Main.storyboard;
			sourceTree = "<group>";
		};
		AAF57ED421235D7C00E0216B /* LaunchScreen.storyboard */ = {
			isa = PBXVariantGroup;
			children = (
				AAF57ED521235D7C00E0216B /* Base */,
			);
			name = LaunchScreen.storyboard;
			sourceTree = "<group>";
		};
/* End PBXVariantGroup section */

/* Begin XCBuildConfiguration section */
		AAF57EDA21235D7C00E0216B /* Debug */ = {
			isa = XCBuildConfiguration;
			buildSettings = {
				ALWAYS_SEARCH_USER_PATHS = NO;
				CLANG_ANALYZER_NONNULL = YES;
				CLANG_ANALYZER_NUMBER_OBJECT_CONVERSION = YES_AGGRESSIVE;
				CLANG_CXX_LANGUAGE_STANDARD = "gnu++14";
				CLANG_CXX_LIBRARY = "libc++";
				CLANG_ENABLE_MODULES = YES;
				CLANG_ENABLE_OBJC_ARC = YES;
				CLANG_ENABLE_OBJC_WEAK = YES;
				CLANG_WARN_BLOCK_CAPTURE_AUTORELEASING = YES;
				CLANG_WARN_BOOL_CONVERSION = YES;
				CLANG_WARN_COMMA = YES;
				CLANG_WARN_CONSTANT_CONVERSION = YES;
				CLANG_WARN_DEPRECATED_OBJC_IMPLEMENTATIONS = YES;
				CLANG_WARN_DIRECT_OBJC_ISA_USAGE = YES_ERROR;
				CLANG_WARN_DOCUMENTATION_COMMENTS = YES;
				CLANG_WARN_EMPTY_BODY = YES;
				CLANG_WARN_ENUM_CONVERSION = YES;
				CLANG_WARN_INFINITE_RECURSION = YES;
				CLANG_WARN_INT_CONVERSION = YES;
				CLANG_WARN_NON_LITERAL_NULL_CONVERSION = YES;
				CLANG_WARN_OBJC_IMPLICIT_RETAIN_SELF = YES;
				CLANG_WARN_OBJC_LITERAL_CONVERSION = YES;
				CLANG_WARN_OBJC_ROOT_CLASS = YES_ERROR;
				CLANG_WARN_RANGE_LOOP_ANALYSIS = YES;
				CLANG_WARN_STRICT_PROTOTYPES = YES;
				CLANG_WARN_SUSPICIOUS_MOVE = YES;
				CLANG_WARN_UNGUARDED_AVAILABILITY = YES_AGGRESSIVE;
				CLANG_WARN_UNREACHABLE_CODE = YES;
				CLANG_WARN__DUPLICATE_METHOD_MATCH = YES;
				CODE_SIGN_IDENTITY = "iPhone Developer";
				COPY_PHASE_STRIP = NO;
				DEBUG_INFORMATION_FORMAT = dwarf;
				ENABLE_STRICT_OBJC_MSGSEND = YES;
				ENABLE_TESTABILITY = YES;
				GCC_C_LANGUAGE_STANDARD = gnu11;
				GCC_DYNAMIC_NO_PIC = NO;
				GCC_NO_COMMON_BLOCKS = YES;
				GCC_OPTIMIZATION_LEVEL = 0;
				GCC_PREPROCESSOR_DEFINITIONS = (
					"DEBUG=1",
					"$(inherited)",
				);
				GCC_WARN_64_TO_32_BIT_CONVERSION = YES;
				GCC_WARN_ABOUT_RETURN_TYPE = YES_ERROR;
				GCC_WARN_UNDECLARED_SELECTOR = YES;
				GCC_WARN_UNINITIALIZED_AUTOS = YES_AGGRESSIVE;
				GCC_WARN_UNUSED_FUNCTION = YES;
				GCC_WARN_UNUSED_VARIABLE = YES;
				IPHONEOS_DEPLOYMENT_TARGET = 11.4;
				MTL_ENABLE_DEBUG_INFO = YES;
				ONLY_ACTIVE_ARCH = YES;
				SDKROOT = iphoneos;
			};
			name = Debug;
		};
		AAF57EDB21235D7C00E0216B /* Release */ = {
			isa = XCBuildConfiguration;
			buildSettings = {
				ALWAYS_SEARCH_USER_PATHS = NO;
				CLANG_ANALYZER_NONNULL = YES;
				CLANG_ANALYZER_NUMBER_OBJECT_CONVERSION = YES_AGGRESSIVE;
				CLANG_CXX_LANGUAGE_STANDARD = "gnu++14";
				CLANG_CXX_LIBRARY = "libc++";
				CLANG_ENABLE_MODULES = YES;
				CLANG_ENABLE_OBJC_ARC = YES;
				CLANG_ENABLE_OBJC_WEAK = YES;
				CLANG_WARN_BLOCK_CAPTURE_AUTORELEASING = YES;
				CLANG_WARN_BOOL_CONVERSION = YES;
				CLANG_WARN_COMMA = YES;
				CLANG_WARN_CONSTANT_CONVERSION = YES;
				CLANG_WARN_DEPRECATED_OBJC_IMPLEMENTATIONS = YES;
				CLANG_WARN_DIRECT_OBJC_ISA_USAGE = YES_ERROR;
				CLANG_WARN_DOCUMENTATION_COMMENTS = YES;
				CLANG_WARN_EMPTY_BODY = YES;
				CLANG_WARN_ENUM_CONVERSION = YES;
				CLANG_WARN_INFINITE_RECURSION = YES;
				CLANG_WARN_INT_CONVERSION = YES;
				CLANG_WARN_NON_LITERAL_NULL_CONVERSION = YES;
				CLANG_WARN_OBJC_IMPLICIT_RETAIN_SELF = YES;
				CLANG_WARN_OBJC_LITERAL_CONVERSION = YES;
				CLANG_WARN_OBJC_ROOT_CLASS = YES_ERROR;
				CLANG_WARN_RANGE_LOOP_ANALYSIS = YES;
				CLANG_WARN_STRICT_PROTOTYPES = YES;
				CLANG_WARN_SUSPICIOUS_MOVE = YES;
				CLANG_WARN_UNGUARDED_AVAILABILITY = YES_AGGRESSIVE;
				CLANG_WARN_UNREACHABLE_CODE = YES;
				CLANG_WARN__DUPLICATE_METHOD_MATCH = YES;
				CODE_SIGN_IDENTITY = "iPhone Developer";
				COPY_PHASE_STRIP = NO;
				DEBUG_INFORMATION_FORMAT = "dwarf-with-dsym";
				ENABLE_NS_ASSERTIONS = NO;
				ENABLE_STRICT_OBJC_MSGSEND = YES;
				GCC_C_LANGUAGE_STANDARD = gnu11;
				GCC_NO_COMMON_BLOCKS = YES;
				GCC_WARN_64_TO_32_BIT_CONVERSION = YES;
				GCC_WARN_ABOUT_RETURN_TYPE = YES_ERROR;
				GCC_WARN_UNDECLARED_SELECTOR = YES;
				GCC_WARN_UNINITIALIZED_AUTOS = YES_AGGRESSIVE;
				GCC_WARN_UNUSED_FUNCTION = YES;
				GCC_WARN_UNUSED_VARIABLE = YES;
				IPHONEOS_DEPLOYMENT_TARGET = 11.4;
				MTL_ENABLE_DEBUG_INFO = NO;
				SDKROOT = iphoneos;
				VALIDATE_PRODUCT = YES;
			};
			name = Release;
		};
		AAF57EDD21235D7C00E0216B /* Debug */ = {
			isa = XCBuildConfiguration;
			buildSettings = {
				ASSETCATALOG_COMPILER_APPICON_NAME = AppIcon;
				CODE_SIGN_STYLE = Automatic;
				DEVELOPMENT_TEAM = 6D3DA9G4XW;
				INFOPLIST_FILE = WabiSabiCollectionView/Info.plist;
				LD_RUNPATH_SEARCH_PATHS = (
					"$(inherited)",
					"@executable_path/Frameworks",
				);
				PRODUCT_BUNDLE_IDENTIFIER = com.cocoanutmobile.WabiSabiCollectionView;
				PRODUCT_NAME = "$(TARGET_NAME)";
				TARGETED_DEVICE_FAMILY = "1,2";
			};
			name = Debug;
		};
		AAF57EDE21235D7C00E0216B /* Release */ = {
			isa = XCBuildConfiguration;
			buildSettings = {
				ASSETCATALOG_COMPILER_APPICON_NAME = AppIcon;
				CODE_SIGN_STYLE = Automatic;
				DEVELOPMENT_TEAM = 6D3DA9G4XW;
				INFOPLIST_FILE = WabiSabiCollectionView/Info.plist;
				LD_RUNPATH_SEARCH_PATHS = (
					"$(inherited)",
					"@executable_path/Frameworks",
				);
				PRODUCT_BUNDLE_IDENTIFIER = com.cocoanutmobile.WabiSabiCollectionView;
				PRODUCT_NAME = "$(TARGET_NAME)";
				TARGETED_DEVICE_FAMILY = "1,2";
			};
			name = Release;
		};
/* End XCBuildConfiguration section */

/* Begin XCConfigurationList section */
		AAF57EC121235D7A00E0216B /* Build configuration list for PBXProject "WabiSabiCollectionView" */ = {
			isa = XCConfigurationList;
			buildConfigurations = (
				AAF57EDA21235D7C00E0216B /* Debug */,
				AAF57EDB21235D7C00E0216B /* Release */,
			);
			defaultConfigurationIsVisible = 0;
			defaultConfigurationName = Release;
		};
		AAF57EDC21235D7C00E0216B /* Build configuration list for PBXNativeTarget "WabiSabiCollectionView" */ = {
			isa = XCConfigurationList;
			buildConfigurations = (
				AAF57EDD21235D7C00E0216B /* Debug */,
				AAF57EDE21235D7C00E0216B /* Release */,
			);
			defaultConfigurationIsVisible = 0;
			defaultConfigurationName = Release;
		};
/* End XCConfigurationList section */
	};
	rootObject = AAF57EBE21235D7A00E0216B /* Project object */;
}
